
Microsoft Visual Studio Solution File, Format Version 9.00
# Visual Studio 2005
Project("{8BC9CEB8-8B4A-11D0-8D11-00A0C91BC942}") = "SingleNodeWithGA", "SingleNodeWithGA\SingleNodeWithGA.vcproj", "{CEF43399-C63A-4EAE-AF59-6ABC6B95332D}"
EndProject
Global
	GlobalSection(SolutionConfigurationPlatforms) = preSolution
		Debug|Win32 = Debug|Win32
		Release|Win32 = Release|Win32
	EndGlobalSection
	GlobalSection(ProjectConfigurationPlatforms) = postSolution
		{CEF43399-C63A-4EAE-AF59-6ABC6B95332D}.Debug|Win32.ActiveCfg = Debug|Win32
		{CEF43399-C63A-4EAE-AF59-6ABC6B95332D}.Debug|Win32.Build.0 = Debug|Win32
		{CEF43399-C63A-4EAE-AF59-6ABC6B95332D}.Release|Win32.ActiveCfg = Release|Win32
		{CEF43399-C63A-4EAE-AF59-6ABC6B95332D}.Release|Win32.Build.0 = Release|Win32
	EndGlobalSection
	GlobalSection(SolutionProperties) = preSolution
		HideSolutionNode = FALSE
	EndGlobalSection
EndGlobal
